
Microsoft Visual Studio Solution File, Format Version 12.00
# Visual Studio Version 16
VisualStudioVersion = 16.0.34301.259
MinimumVisualStudioVersion = 10.0.40219.1
Project("{FAE04EC0-301F-11D3-BF4B-00C04F79EFBC}") = "ListasConObjetos", "ListasConObjetos.csproj", "{937E76AD-2C93-4A8A-BF85-3AA80C70DD81}"
EndProject
Global
	GlobalSection(SolutionConfigurationPlatforms) = preSolution
		Debug|Any CPU = Debug|Any CPU
		Release|Any CPU = Release|Any CPU
	EndGlobalSection
	GlobalSection(ProjectConfigurationPlatforms) = postSolution
		{937E76AD-2C93-4A8A-BF85-3AA80C70DD81}.Debug|Any CPU.ActiveCfg = Debug|Any CPU
		{937E76AD-2C93-4A8A-BF85-3AA80C70DD81}.Debug|Any CPU.Build.0 = Debug|Any CPU
		{937E76AD-2C93-4A8A-BF85-3AA80C70DD81}.Release|Any CPU.ActiveCfg = Release|Any CPU
		{937E76AD-2C93-4A8A-BF85-3AA80C70DD81}.Release|Any CPU.Build.0 = Release|Any CPU
	EndGlobalSection
	GlobalSection(SolutionProperties) = preSolution
		HideSolutionNode = FALSE
	EndGlobalSection
	GlobalSection(ExtensibilityGlobals) = postSolution
		SolutionGuid = {5C4E3DEA-8DD1-4994-90E7-9104F017874D}
	EndGlobalSection
EndGlobal
